// !$*UTF8*$!
{
	archiveVersion = 1;
	classes = {
	};
	objectVersion = 51;
	objects = {

/* Begin PBXBuildFile section */
		281C9DCA22E7AE8E00CF8C4E /* Connectivity.swift in Sources */ = {isa = PBXBuildFile; fileRef = 281C9DC922E7AE8E00CF8C4E /* Connectivity.swift */; };
		2827A05922D88CB0006D89E5 /* Constants.swift in Sources */ = {isa = PBXBuildFile; fileRef = 2827A05822D88CB0006D89E5 /* Constants.swift */; };
		2827F66B2478237A005C5373 /* FFVehicleListController.swift in Sources */ = {isa = PBXBuildFile; fileRef = 2827F66A2478237A005C5373 /* FFVehicleListController.swift */; };
		2827F66F24782AAD005C5373 /* FFVehicleCell.swift in Sources */ = {isa = PBXBuildFile; fileRef = 2827F66E24782AAD005C5373 /* FFVehicleCell.swift */; };
		2827F673247BA4C5005C5373 /* FFHelper.swift in Sources */ = {isa = PBXBuildFile; fileRef = 2827F672247BA4C5005C5373 /* FFHelper.swift */; };
		2827F676247BBF47005C5373 /* FFVehicleDetailsController.swift in Sources */ = {isa = PBXBuildFile; fileRef = 2827F675247BBF47005C5373 /* FFVehicleDetailsController.swift */; };
		28294D66247BF1FD00E9531B /* FFSpin360Cell.swift in Sources */ = {isa = PBXBuildFile; fileRef = 28294D65247BF1FD00E9531B /* FFSpin360Cell.swift */; };
		28294D69247D3F9B00E9531B /* FFHostAppDB.xcdatamodeld in Sources */ = {isa = PBXBuildFile; fileRef = 28294D67247D3F9B00E9531B /* FFHostAppDB.xcdatamodeld */; };
		28294D6C247D5B6600E9531B /* FFDataBaseController.m in Sources */ = {isa = PBXBuildFile; fileRef = 28294D6B247D5B6600E9531B /* FFDataBaseController.m */; };
		28294D70247EB3DA00E9531B /* FFModelPhoto360Controller.swift in Sources */ = {isa = PBXBuildFile; fileRef = 28294D6F247EB3D900E9531B /* FFModelPhoto360Controller.swift */; };
		28CCD7FC22B004A500D674E6 /* AppDelegate.swift in Sources */ = {isa = PBXBuildFile; fileRef = 28CCD7FB22B004A500D674E6 /* AppDelegate.swift */; };
		28CCD80122B004A500D674E6 /* Main.storyboard in Resources */ = {isa = PBXBuildFile; fileRef = 28CCD7FF22B004A500D674E6 /* Main.storyboard */; };
		28CCD80322B004A500D674E6 /* Assets.xcassets in Resources */ = {isa = PBXBuildFile; fileRef = 28CCD80222B004A500D674E6 /* Assets.xcassets */; };
		28CCD80622B004A500D674E6 /* LaunchScreen.storyboard in Resources */ = {isa = PBXBuildFile; fileRef = 28CCD80422B004A500D674E6 /* LaunchScreen.storyboard */; };
		28CCD81122B004A600D674E6 /* Spin360HostTests.swift in Sources */ = {isa = PBXBuildFile; fileRef = 28CCD81022B004A600D674E6 /* Spin360HostTests.swift */; };
		28CCD81C22B004A600D674E6 /* Spin360HostUITests.swift in Sources */ = {isa = PBXBuildFile; fileRef = 28CCD81B22B004A600D674E6 /* Spin360HostUITests.swift */; };
		28D0560A22C1E42E00F93272 /* AVFoundation.framework in Frameworks */ = {isa = PBXBuildFile; fileRef = 28D0560922C1E42D00F93272 /* AVFoundation.framework */; };
		28D0560C22C1E43800F93272 /* CoreVideo.framework in Frameworks */ = {isa = PBXBuildFile; fileRef = 28D0560B22C1E43800F93272 /* CoreVideo.framework */; };
		28D0560E22C1E44300F93272 /* VideoToolbox.framework in Frameworks */ = {isa = PBXBuildFile; fileRef = 28D0560D22C1E44300F93272 /* VideoToolbox.framework */; };
		28D0561022C1E44C00F93272 /* GameController.framework in Frameworks */ = {isa = PBXBuildFile; fileRef = 28D0560F22C1E44C00F93272 /* GameController.framework */; };
		28D0561222C1E45600F93272 /* CoreMedia.framework in Frameworks */ = {isa = PBXBuildFile; fileRef = 28D0561122C1E45600F93272 /* CoreMedia.framework */; };
		28D0561422C1E45F00F93272 /* CoreMotion.framework in Frameworks */ = {isa = PBXBuildFile; fileRef = 28D0561322C1E45F00F93272 /* CoreMotion.framework */; };
		28D0561622C1E46B00F93272 /* libz.tbd in Frameworks */ = {isa = PBXBuildFile; fileRef = 28D0561522C1E46B00F93272 /* libz.tbd */; };
		28D0561822C1E48600F93272 /* libc++.tbd in Frameworks */ = {isa = PBXBuildFile; fileRef = 28D0561722C1E48600F93272 /* libc++.tbd */; };
		28D0561A22C1E49500F93272 /* libbz2.tbd in Frameworks */ = {isa = PBXBuildFile; fileRef = 28D0561922C1E49500F93272 /* libbz2.tbd */; };
/* End PBXBuildFile section */

/* Begin PBXContainerItemProxy section */
		28CCD80D22B004A600D674E6 /* PBXContainerItemProxy */ = {
			isa = PBXContainerItemProxy;
			containerPortal = 28CCD7F022B004A500D674E6 /* Project object */;
			proxyType = 1;
			remoteGlobalIDString = 28CCD7F722B004A500D674E6;
			remoteInfo = Spin360Host;
		};
		28CCD81822B004A600D674E6 /* PBXContainerItemProxy */ = {
			isa = PBXContainerItemProxy;
			containerPortal = 28CCD7F022B004A500D674E6 /* Project object */;
			proxyType = 1;
			remoteGlobalIDString = 28CCD7F722B004A500D674E6;
			remoteInfo = Spin360Host;
		};
/* End PBXContainerItemProxy section */

/* Begin PBXCopyFilesBuildPhase section */
		2827A2B222DCDADE006D89E5 /* Embed Frameworks */ = {
			isa = PBXCopyFilesBuildPhase;
			buildActionMask = 2147483647;
			dstPath = "";
			dstSubfolderSpec = 10;
			files = (
			);
			name = "Embed Frameworks";
			runOnlyForDeploymentPostprocessing = 0;
		};
/* End PBXCopyFilesBuildPhase section */

/* Begin PBXFileReference section */
		281C9DC922E7AE8E00CF8C4E /* Connectivity.swift */ = {isa = PBXFileReference; lastKnownFileType = sourcecode.swift; path = Connectivity.swift; sourceTree = "<group>"; };
		2827A05822D88CB0006D89E5 /* Constants.swift */ = {isa = PBXFileReference; fileEncoding = 4; lastKnownFileType = sourcecode.swift; path = Constants.swift; sourceTree = "<group>"; };
		2827F66A2478237A005C5373 /* FFVehicleListController.swift */ = {isa = PBXFileReference; lastKnownFileType = sourcecode.swift; path = FFVehicleListController.swift; sourceTree = "<group>"; };
		2827F66E24782AAD005C5373 /* FFVehicleCell.swift */ = {isa = PBXFileReference; lastKnownFileType = sourcecode.swift; path = FFVehicleCell.swift; sourceTree = "<group>"; };
		2827F672247BA4C5005C5373 /* FFHelper.swift */ = {isa = PBXFileReference; lastKnownFileType = sourcecode.swift; path = FFHelper.swift; sourceTree = "<group>"; };
		2827F675247BBF47005C5373 /* FFVehicleDetailsController.swift */ = {isa = PBXFileReference; lastKnownFileType = sourcecode.swift; path = FFVehicleDetailsController.swift; sourceTree = "<group>"; };
		28294D65247BF1FD00E9531B /* FFSpin360Cell.swift */ = {isa = PBXFileReference; lastKnownFileType = sourcecode.swift; path = FFSpin360Cell.swift; sourceTree = "<group>"; };
		28294D68247D3F9B00E9531B /* FFHostAppDB.xcdatamodel */ = {isa = PBXFileReference; lastKnownFileType = wrapper.xcdatamodel; path = FFHostAppDB.xcdatamodel; sourceTree = "<group>"; };
		28294D6A247D5B6600E9531B /* FFDataBaseController.h */ = {isa = PBXFileReference; lastKnownFileType = sourcecode.c.h; path = FFDataBaseController.h; sourceTree = "<group>"; };
		28294D6B247D5B6600E9531B /* FFDataBaseController.m */ = {isa = PBXFileReference; lastKnownFileType = sourcecode.c.objc; path = FFDataBaseController.m; sourceTree = "<group>"; };
		28294D6F247EB3D900E9531B /* FFModelPhoto360Controller.swift */ = {isa = PBXFileReference; fileEncoding = 4; lastKnownFileType = sourcecode.swift; path = FFModelPhoto360Controller.swift; sourceTree = "<group>"; };
		28B005A2249B1259000802E9 /* Security.framework */ = {isa = PBXFileReference; lastKnownFileType = wrapper.framework; name = Security.framework; path = System/Library/Frameworks/Security.framework; sourceTree = SDKROOT; };
		28CCD7F822B004A500D674E6 /* Spin360Host.app */ = {isa = PBXFileReference; explicitFileType = wrapper.application; includeInIndex = 0; path = Spin360Host.app; sourceTree = BUILT_PRODUCTS_DIR; };
		28CCD7FB22B004A500D674E6 /* AppDelegate.swift */ = {isa = PBXFileReference; lastKnownFileType = sourcecode.swift; path = AppDelegate.swift; sourceTree = "<group>"; };
		28CCD80022B004A500D674E6 /* Base */ = {isa = PBXFileReference; lastKnownFileType = file.storyboard; name = Base; path = Base.lproj/Main.storyboard; sourceTree = "<group>"; };
		28CCD80222B004A500D674E6 /* Assets.xcassets */ = {isa = PBXFileReference; lastKnownFileType = folder.assetcatalog; path = Assets.xcassets; sourceTree = "<group>"; };
		28CCD80522B004A500D674E6 /* Base */ = {isa = PBXFileReference; lastKnownFileType = file.storyboard; name = Base; path = Base.lproj/LaunchScreen.storyboard; sourceTree = "<group>"; };
		28CCD80722B004A500D674E6 /* Info.plist */ = {isa = PBXFileReference; lastKnownFileType = text.plist.xml; path = Info.plist; sourceTree = "<group>"; };
		28CCD80C22B004A600D674E6 /* Spin360HostTests.xctest */ = {isa = PBXFileReference; explicitFileType = wrapper.cfbundle; includeInIndex = 0; path = Spin360HostTests.xctest; sourceTree = BUILT_PRODUCTS_DIR; };
		28CCD81022B004A600D674E6 /* Spin360HostTests.swift */ = {isa = PBXFileReference; lastKnownFileType = sourcecode.swift; path = Spin360HostTests.swift; sourceTree = "<group>"; };
		28CCD81222B004A600D674E6 /* Info.plist */ = {isa = PBXFileReference; lastKnownFileType = text.plist.xml; path = Info.plist; sourceTree = "<group>"; };
		28CCD81722B004A600D674E6 /* Spin360HostUITests.xctest */ = {isa = PBXFileReference; explicitFileType = wrapper.cfbundle; includeInIndex = 0; path = Spin360HostUITests.xctest; sourceTree = BUILT_PRODUCTS_DIR; };
		28CCD81B22B004A600D674E6 /* Spin360HostUITests.swift */ = {isa = PBXFileReference; lastKnownFileType = sourcecode.swift; path = Spin360HostUITests.swift; sourceTree = "<group>"; };
		28CCD81D22B004A600D674E6 /* Info.plist */ = {isa = PBXFileReference; lastKnownFileType = text.plist.xml; path = Info.plist; sourceTree = "<group>"; };
		28CCD9EB22B7F3ED00D674E6 /* Spin360Host-Bridging-Header.h */ = {isa = PBXFileReference; lastKnownFileType = sourcecode.c.h; path = "Spin360Host-Bridging-Header.h"; sourceTree = "<group>"; };
		28D0560922C1E42D00F93272 /* AVFoundation.framework */ = {isa = PBXFileReference; lastKnownFileType = wrapper.framework; name = AVFoundation.framework; path = System/Library/Frameworks/AVFoundation.framework; sourceTree = SDKROOT; };
		28D0560B22C1E43800F93272 /* CoreVideo.framework */ = {isa = PBXFileReference; lastKnownFileType = wrapper.framework; name = CoreVideo.framework; path = System/Library/Frameworks/CoreVideo.framework; sourceTree = SDKROOT; };
		28D0560D22C1E44300F93272 /* VideoToolbox.framework */ = {isa = PBXFileReference; lastKnownFileType = wrapper.framework; name = VideoToolbox.framework; path = System/Library/Frameworks/VideoToolbox.framework; sourceTree = SDKROOT; };
		28D0560F22C1E44C00F93272 /* GameController.framework */ = {isa = PBXFileReference; lastKnownFileType = wrapper.framework; name = GameController.framework; path = System/Library/Frameworks/GameController.framework; sourceTree = SDKROOT; };
		28D0561122C1E45600F93272 /* CoreMedia.framework */ = {isa = PBXFileReference; lastKnownFileType = wrapper.framework; name = CoreMedia.framework; path = System/Library/Frameworks/CoreMedia.framework; sourceTree = SDKROOT; };
		28D0561322C1E45F00F93272 /* CoreMotion.framework */ = {isa = PBXFileReference; lastKnownFileType = wrapper.framework; name = CoreMotion.framework; path = System/Library/Frameworks/CoreMotion.framework; sourceTree = SDKROOT; };
		28D0561522C1E46B00F93272 /* libz.tbd */ = {isa = PBXFileReference; lastKnownFileType = "sourcecode.text-based-dylib-definition"; name = libz.tbd; path = usr/lib/libz.tbd; sourceTree = SDKROOT; };
		28D0561722C1E48600F93272 /* libc++.tbd */ = {isa = PBXFileReference; lastKnownFileType = "sourcecode.text-based-dylib-definition"; name = "libc++.tbd"; path = "usr/lib/libc++.tbd"; sourceTree = SDKROOT; };
		28D0561922C1E49500F93272 /* libbz2.tbd */ = {isa = PBXFileReference; lastKnownFileType = "sourcecode.text-based-dylib-definition"; name = libbz2.tbd; path = usr/lib/libbz2.tbd; sourceTree = SDKROOT; };
/* End PBXFileReference section */

/* Begin PBXFrameworksBuildPhase section */
		28CCD7F522B004A500D674E6 /* Frameworks */ = {
			isa = PBXFrameworksBuildPhase;
			buildActionMask = 2147483647;
			files = (
				28D0561A22C1E49500F93272 /* libbz2.tbd in Frameworks */,
				28D0561822C1E48600F93272 /* libc++.tbd in Frameworks */,
				28D0561622C1E46B00F93272 /* libz.tbd in Frameworks */,
				28D0561422C1E45F00F93272 /* CoreMotion.framework in Frameworks */,
				28D0561222C1E45600F93272 /* CoreMedia.framework in Frameworks */,
				28D0561022C1E44C00F93272 /* GameController.framework in Frameworks */,
				28D0560E22C1E44300F93272 /* VideoToolbox.framework in Frameworks */,
				28D0560C22C1E43800F93272 /* CoreVideo.framework in Frameworks */,
				28D0560A22C1E42E00F93272 /* AVFoundation.framework in Frameworks */,
			);
			runOnlyForDeploymentPostprocessing = 0;
		};
		28CCD80922B004A600D674E6 /* Frameworks */ = {
			isa = PBXFrameworksBuildPhase;
			buildActionMask = 2147483647;
			files = (
			);
			runOnlyForDeploymentPostprocessing = 0;
		};
		28CCD81422B004A600D674E6 /* Frameworks */ = {
			isa = PBXFrameworksBuildPhase;
			buildActionMask = 2147483647;
			files = (
			);
			runOnlyForDeploymentPostprocessing = 0;
		};
/* End PBXFrameworksBuildPhase section */

/* Begin PBXGroup section */
		2827F66C2478238A005C5373 /* New_Hostapp */ = {
			isa = PBXGroup;
			children = (
				28294D67247D3F9B00E9531B /* FFHostAppDB.xcdatamodeld */,
				28CCD7FB22B004A500D674E6 /* AppDelegate.swift */,
				2827F66D24782A38005C5373 /* VehicleList */,
				2827F674247BBE96005C5373 /* VehicleDetails */,
				286BE3E224B3470E00209270 /* Model */,
				286BE3E324B3471E00209270 /* Helper */,
				286BE3E124B3467F00209270 /* Database */,
				28CCD9FD22B8A9D500D674E6 /* Constants */,
			);
			path = New_Hostapp;
			sourceTree = "<group>";
		};
		2827F66D24782A38005C5373 /* VehicleList */ = {
			isa = PBXGroup;
			children = (
				2827F66A2478237A005C5373 /* FFVehicleListController.swift */,
				2827F66E24782AAD005C5373 /* FFVehicleCell.swift */,
			);
			path = VehicleList;
			sourceTree = "<group>";
		};
		2827F674247BBE96005C5373 /* VehicleDetails */ = {
			isa = PBXGroup;
			children = (
				28294D65247BF1FD00E9531B /* FFSpin360Cell.swift */,
				2827F675247BBF47005C5373 /* FFVehicleDetailsController.swift */,
			);
			path = VehicleDetails;
			sourceTree = "<group>";
		};
		286BE3E124B3467F00209270 /* Database */ = {
			isa = PBXGroup;
			children = (
				28294D6A247D5B6600E9531B /* FFDataBaseController.h */,
				28294D6B247D5B6600E9531B /* FFDataBaseController.m */,
			);
			path = Database;
			sourceTree = "<group>";
		};
		286BE3E224B3470E00209270 /* Model */ = {
			isa = PBXGroup;
			children = (
				28294D6F247EB3D900E9531B /* FFModelPhoto360Controller.swift */,
			);
			path = Model;
			sourceTree = "<group>";
		};
		286BE3E324B3471E00209270 /* Helper */ = {
			isa = PBXGroup;
			children = (
				2827F672247BA4C5005C5373 /* FFHelper.swift */,
			);
			path = Helper;
			sourceTree = "<group>";
		};
		28CCD7EF22B004A500D674E6 = {
			isa = PBXGroup;
			children = (
				28CCD7FA22B004A500D674E6 /* Spin360Host */,
				28CCD80F22B004A600D674E6 /* Spin360HostTests */,
				28CCD81A22B004A600D674E6 /* Spin360HostUITests */,
				28CCD7F922B004A500D674E6 /* Products */,
				2DBEB3F8F673E304C144C228 /* Pods */,
				A20326623C7ECF5CA771149D /* Frameworks */,
			);
			sourceTree = "<group>";
		};
		28CCD7F922B004A500D674E6 /* Products */ = {
			isa = PBXGroup;
			children = (
				28CCD7F822B004A500D674E6 /* Spin360Host.app */,
				28CCD80C22B004A600D674E6 /* Spin360HostTests.xctest */,
				28CCD81722B004A600D674E6 /* Spin360HostUITests.xctest */,
			);
			name = Products;
			sourceTree = "<group>";
		};
		28CCD7FA22B004A500D674E6 /* Spin360Host */ = {
			isa = PBXGroup;
			children = (
				2827F66C2478238A005C5373 /* New_Hostapp */,
				28CCD7FF22B004A500D674E6 /* Main.storyboard */,
				28CCD80222B004A500D674E6 /* Assets.xcassets */,
				28CCD80422B004A500D674E6 /* LaunchScreen.storyboard */,
				28CCD80722B004A500D674E6 /* Info.plist */,
				28CCD9EB22B7F3ED00D674E6 /* Spin360Host-Bridging-Header.h */,
			);
			path = Spin360Host;
			sourceTree = "<group>";
		};
		28CCD80F22B004A600D674E6 /* Spin360HostTests */ = {
			isa = PBXGroup;
			children = (
				28CCD81022B004A600D674E6 /* Spin360HostTests.swift */,
				28CCD81222B004A600D674E6 /* Info.plist */,
			);
			path = Spin360HostTests;
			sourceTree = "<group>";
		};
		28CCD81A22B004A600D674E6 /* Spin360HostUITests */ = {
			isa = PBXGroup;
			children = (
				28CCD81B22B004A600D674E6 /* Spin360HostUITests.swift */,
				28CCD81D22B004A600D674E6 /* Info.plist */,
			);
			path = Spin360HostUITests;
			sourceTree = "<group>";
		};
		28CCD9FD22B8A9D500D674E6 /* Constants */ = {
			isa = PBXGroup;
			children = (
				2827A05822D88CB0006D89E5 /* Constants.swift */,
				281C9DC922E7AE8E00CF8C4E /* Connectivity.swift */,
			);
			path = Constants;
			sourceTree = "<group>";
		};
		2DBEB3F8F673E304C144C228 /* Pods */ = {
			isa = PBXGroup;
			children = (
			);
			path = Pods;
			sourceTree = "<group>";
		};
		A20326623C7ECF5CA771149D /* Frameworks */ = {
			isa = PBXGroup;
			children = (
				28B005A2249B1259000802E9 /* Security.framework */,
				28D0561922C1E49500F93272 /* libbz2.tbd */,
				28D0561722C1E48600F93272 /* libc++.tbd */,
				28D0561522C1E46B00F93272 /* libz.tbd */,
				28D0561322C1E45F00F93272 /* CoreMotion.framework */,
				28D0561122C1E45600F93272 /* CoreMedia.framework */,
				28D0560F22C1E44C00F93272 /* GameController.framework */,
				28D0560D22C1E44300F93272 /* VideoToolbox.framework */,
				28D0560B22C1E43800F93272 /* CoreVideo.framework */,
				28D0560922C1E42D00F93272 /* AVFoundation.framework */,
			);
			name = Frameworks;
			sourceTree = "<group>";
		};
/* End PBXGroup section */

/* Begin PBXNativeTarget section */
		28CCD7F722B004A500D674E6 /* Spin360Host */ = {
			isa = PBXNativeTarget;
			buildConfigurationList = 28CCD82022B004A600D674E6 /* Build configuration list for PBXNativeTarget "Spin360Host" */;
			buildPhases = (
				28CCD7F422B004A500D674E6 /* Sources */,
				28CCD7F522B004A500D674E6 /* Frameworks */,
				28CCD7F622B004A500D674E6 /* Resources */,
				2827A2B222DCDADE006D89E5 /* Embed Frameworks */,
			);
			buildRules = (
			);
			dependencies = (
			);
			name = Spin360Host;
			productName = Spin360Host;
			productReference = 28CCD7F822B004A500D674E6 /* Spin360Host.app */;
			productType = "com.apple.product-type.application";
		};
		28CCD80B22B004A600D674E6 /* Spin360HostTests */ = {
			isa = PBXNativeTarget;
			buildConfigurationList = 28CCD82322B004A600D674E6 /* Build configuration list for PBXNativeTarget "Spin360HostTests" */;
			buildPhases = (
				28CCD80822B004A600D674E6 /* Sources */,
				28CCD80922B004A600D674E6 /* Frameworks */,
				28CCD80A22B004A600D674E6 /* Resources */,
			);
			buildRules = (
			);
			dependencies = (
				28CCD80E22B004A600D674E6 /* PBXTargetDependency */,
			);
			name = Spin360HostTests;
			productName = Spin360HostTests;
			productReference = 28CCD80C22B004A600D674E6 /* Spin360HostTests.xctest */;
			productType = "com.apple.product-type.bundle.unit-test";
		};
		28CCD81622B004A600D674E6 /* Spin360HostUITests */ = {
			isa = PBXNativeTarget;
			buildConfigurationList = 28CCD82622B004A600D674E6 /* Build configuration list for PBXNativeTarget "Spin360HostUITests" */;
			buildPhases = (
				28CCD81322B004A600D674E6 /* Sources */,
				28CCD81422B004A600D674E6 /* Frameworks */,
				28CCD81522B004A600D674E6 /* Resources */,
			);
			buildRules = (
			);
			dependencies = (
				28CCD81922B004A600D674E6 /* PBXTargetDependency */,
			);
			name = Spin360HostUITests;
			productName = Spin360HostUITests;
			productReference = 28CCD81722B004A600D674E6 /* Spin360HostUITests.xctest */;
			productType = "com.apple.product-type.bundle.ui-testing";
		};
/* End PBXNativeTarget section */

/* Begin PBXProject section */
		28CCD7F022B004A500D674E6 /* Project object */ = {
			isa = PBXProject;
			attributes = {
				LastSwiftUpdateCheck = 1020;
				LastUpgradeCheck = 1020;
				ORGANIZATIONNAME = apple;
				TargetAttributes = {
					28CCD7F722B004A500D674E6 = {
						CreatedOnToolsVersion = 10.2.1;
						LastSwiftMigration = 1020;
						SystemCapabilities = {
							com.apple.BackgroundModes = {
								enabled = 1;
							};
						};
					};
					28CCD80B22B004A600D674E6 = {
						CreatedOnToolsVersion = 10.2.1;
						TestTargetID = 28CCD7F722B004A500D674E6;
					};
					28CCD81622B004A600D674E6 = {
						CreatedOnToolsVersion = 10.2.1;
						TestTargetID = 28CCD7F722B004A500D674E6;
					};
				};
			};
			buildConfigurationList = 28CCD7F322B004A500D674E6 /* Build configuration list for PBXProject "Spin360Host" */;
			compatibilityVersion = "Xcode 9.3";
			developmentRegion = en;
			hasScannedForEncodings = 0;
			knownRegions = (
				en,
				Base,
			);
			mainGroup = 28CCD7EF22B004A500D674E6;
			productRefGroup = 28CCD7F922B004A500D674E6 /* Products */;
			projectDirPath = "";
			projectRoot = "";
			targets = (
				28CCD7F722B004A500D674E6 /* Spin360Host */,
				28CCD80B22B004A600D674E6 /* Spin360HostTests */,
				28CCD81622B004A600D674E6 /* Spin360HostUITests */,
			);
		};
/* End PBXProject section */

/* Begin PBXResourcesBuildPhase section */
		28CCD7F622B004A500D674E6 /* Resources */ = {
			isa = PBXResourcesBuildPhase;
			buildActionMask = 2147483647;
			files = (
				28CCD80622B004A500D674E6 /* LaunchScreen.storyboard in Resources */,
				28CCD80322B004A500D674E6 /* Assets.xcassets in Resources */,
				28CCD80122B004A500D674E6 /* Main.storyboard in Resources */,
			);
			runOnlyForDeploymentPostprocessing = 0;
		};
		28CCD80A22B004A600D674E6 /* Resources */ = {
			isa = PBXResourcesBuildPhase;
			buildActionMask = 2147483647;
			files = (
			);
			runOnlyForDeploymentPostprocessing = 0;
		};
		28CCD81522B004A600D674E6 /* Resources */ = {
			isa = PBXResourcesBuildPhase;
			buildActionMask = 2147483647;
			files = (
			);
			runOnlyForDeploymentPostprocessing = 0;
		};
/* End PBXResourcesBuildPhase section */

/* Begin PBXSourcesBuildPhase section */
		28CCD7F422B004A500D674E6 /* Sources */ = {
			isa = PBXSourcesBuildPhase;
			buildActionMask = 2147483647;
			files = (
				28CCD7FC22B004A500D674E6 /* AppDelegate.swift in Sources */,
				281C9DCA22E7AE8E00CF8C4E /* Connectivity.swift in Sources */,
				2827F673247BA4C5005C5373 /* FFHelper.swift in Sources */,
				28294D69247D3F9B00E9531B /* FFHostAppDB.xcdatamodeld in Sources */,
				2827F66F24782AAD005C5373 /* FFVehicleCell.swift in Sources */,
				28294D66247BF1FD00E9531B /* FFSpin360Cell.swift in Sources */,
				28294D6C247D5B6600E9531B /* FFDataBaseController.m in Sources */,
				2827F676247BBF47005C5373 /* FFVehicleDetailsController.swift in Sources */,
				28294D70247EB3DA00E9531B /* FFModelPhoto360Controller.swift in Sources */,
				2827A05922D88CB0006D89E5 /* Constants.swift in Sources */,
				2827F66B2478237A005C5373 /* FFVehicleListController.swift in Sources */,
			);
			runOnlyForDeploymentPostprocessing = 0;
		};
		28CCD80822B004A600D674E6 /* Sources */ = {
			isa = PBXSourcesBuildPhase;
			buildActionMask = 2147483647;
			files = (
				28CCD81122B004A600D674E6 /* Spin360HostTests.swift in Sources */,
			);
			runOnlyForDeploymentPostprocessing = 0;
		};
		28CCD81322B004A600D674E6 /* Sources */ = {
			isa = PBXSourcesBuildPhase;
			buildActionMask = 2147483647;
			files = (
				28CCD81C22B004A600D674E6 /* Spin360HostUITests.swift in Sources */,
			);
			runOnlyForDeploymentPostprocessing = 0;
		};
/* End PBXSourcesBuildPhase section */

/* Begin PBXTargetDependency section */
		28CCD80E22B004A600D674E6 /* PBXTargetDependency */ = {
			isa = PBXTargetDependency;
			target = 28CCD7F722B004A500D674E6 /* Spin360Host */;
			targetProxy = 28CCD80D22B004A600D674E6 /* PBXContainerItemProxy */;
		};
		28CCD81922B004A600D674E6 /* PBXTargetDependency */ = {
			isa = PBXTargetDependency;
			target = 28CCD7F722B004A500D674E6 /* Spin360Host */;
			targetProxy = 28CCD81822B004A600D674E6 /* PBXContainerItemProxy */;
		};
/* End PBXTargetDependency section */

/* Begin PBXVariantGroup section */
		28CCD7FF22B004A500D674E6 /* Main.storyboard */ = {
			isa = PBXVariantGroup;
			children = (
				28CCD80022B004A500D674E6 /* Base */,
			);
			name = Main.storyboard;
			sourceTree = "<group>";
		};
		28CCD80422B004A500D674E6 /* LaunchScreen.storyboard */ = {
			isa = PBXVariantGroup;
			children = (
				28CCD80522B004A500D674E6 /* Base */,
			);
			name = LaunchScreen.storyboard;
			sourceTree = "<group>";
		};
/* End PBXVariantGroup section */

/* Begin XCBuildConfiguration section */
		28CCD81E22B004A600D674E6 /* Debug */ = {
			isa = XCBuildConfiguration;
			buildSettings = {
				ALWAYS_SEARCH_USER_PATHS = NO;
				CLANG_ANALYZER_NONNULL = YES;
				CLANG_ANALYZER_NUMBER_OBJECT_CONVERSION = YES_AGGRESSIVE;
				CLANG_CXX_LANGUAGE_STANDARD = "gnu++14";
				CLANG_CXX_LIBRARY = "libc++";
				CLANG_ENABLE_MODULES = YES;
				CLANG_ENABLE_OBJC_ARC = YES;
				CLANG_ENABLE_OBJC_WEAK = YES;
				CLANG_WARN_BLOCK_CAPTURE_AUTORELEASING = YES;
				CLANG_WARN_BOOL_CONVERSION = YES;
				CLANG_WARN_COMMA = YES;
				CLANG_WARN_CONSTANT_CONVERSION = YES;
				CLANG_WARN_DEPRECATED_OBJC_IMPLEMENTATIONS = YES;
				CLANG_WARN_DIRECT_OBJC_ISA_USAGE = YES_ERROR;
				CLANG_WARN_DOCUMENTATION_COMMENTS = YES;
				CLANG_WARN_EMPTY_BODY = YES;
				CLANG_WARN_ENUM_CONVERSION = YES;
				CLANG_WARN_INFINITE_RECURSION = YES;
				CLANG_WARN_INT_CONVERSION = YES;
				CLANG_WARN_NON_LITERAL_NULL_CONVERSION = YES;
				CLANG_WARN_OBJC_IMPLICIT_RETAIN_SELF = YES;
				CLANG_WARN_OBJC_LITERAL_CONVERSION = YES;
				CLANG_WARN_OBJC_ROOT_CLASS = YES_ERROR;
				CLANG_WARN_RANGE_LOOP_ANALYSIS = YES;
				CLANG_WARN_STRICT_PROTOTYPES = YES;
				CLANG_WARN_SUSPICIOUS_MOVE = YES;
				CLANG_WARN_UNGUARDED_AVAILABILITY = YES_AGGRESSIVE;
				CLANG_WARN_UNREACHABLE_CODE = YES;
				CLANG_WARN__DUPLICATE_METHOD_MATCH = YES;
				CODE_SIGN_IDENTITY = "iPhone Developer";
				COPY_PHASE_STRIP = NO;
				DEBUG_INFORMATION_FORMAT = dwarf;
				ENABLE_STRICT_OBJC_MSGSEND = YES;
				ENABLE_TESTABILITY = YES;
				GCC_C_LANGUAGE_STANDARD = gnu11;
				GCC_DYNAMIC_NO_PIC = NO;
				GCC_NO_COMMON_BLOCKS = YES;
				GCC_OPTIMIZATION_LEVEL = 0;
				GCC_PREPROCESSOR_DEFINITIONS = (
					"DEBUG=1",
					"$(inherited)",
				);
				GCC_WARN_64_TO_32_BIT_CONVERSION = YES;
				GCC_WARN_ABOUT_RETURN_TYPE = YES_ERROR;
				GCC_WARN_UNDECLARED_SELECTOR = YES;
				GCC_WARN_UNINITIALIZED_AUTOS = YES_AGGRESSIVE;
				GCC_WARN_UNUSED_FUNCTION = YES;
				GCC_WARN_UNUSED_VARIABLE = YES;
				IPHONEOS_DEPLOYMENT_TARGET = 12.2;
				MTL_ENABLE_DEBUG_INFO = INCLUDE_SOURCE;
				MTL_FAST_MATH = YES;
				ONLY_ACTIVE_ARCH = YES;
				SDKROOT = iphoneos;
				SWIFT_ACTIVE_COMPILATION_CONDITIONS = DEBUG;
				SWIFT_OPTIMIZATION_LEVEL = "-Onone";
			};
			name = Debug;
		};
		28CCD81F22B004A600D674E6 /* Release */ = {
			isa = XCBuildConfiguration;
			buildSettings = {
				ALWAYS_SEARCH_USER_PATHS = NO;
				CLANG_ANALYZER_NONNULL = YES;
				CLANG_ANALYZER_NUMBER_OBJECT_CONVERSION = YES_AGGRESSIVE;
				CLANG_CXX_LANGUAGE_STANDARD = "gnu++14";
				CLANG_CXX_LIBRARY = "libc++";
				CLANG_ENABLE_MODULES = YES;
				CLANG_ENABLE_OBJC_ARC = YES;
				CLANG_ENABLE_OBJC_WEAK = YES;
				CLANG_WARN_BLOCK_CAPTURE_AUTORELEASING = YES;
				CLANG_WARN_BOOL_CONVERSION = YES;
				CLANG_WARN_COMMA = YES;
				CLANG_WARN_CONSTANT_CONVERSION = YES;
				CLANG_WARN_DEPRECATED_OBJC_IMPLEMENTATIONS = YES;
				CLANG_WARN_DIRECT_OBJC_ISA_USAGE = YES_ERROR;
				CLANG_WARN_DOCUMENTATION_COMMENTS = YES;
				CLANG_WARN_EMPTY_BODY = YES;
				CLANG_WARN_ENUM_CONVERSION = YES;
				CLANG_WARN_INFINITE_RECURSION = YES;
				CLANG_WARN_INT_CONVERSION = YES;
				CLANG_WARN_NON_LITERAL_NULL_CONVERSION = YES;
				CLANG_WARN_OBJC_IMPLICIT_RETAIN_SELF = YES;
				CLANG_WARN_OBJC_LITERAL_CONVERSION = YES;
				CLANG_WARN_OBJC_ROOT_CLASS = YES_ERROR;
				CLANG_WARN_RANGE_LOOP_ANALYSIS = YES;
				CLANG_WARN_STRICT_PROTOTYPES = YES;
				CLANG_WARN_SUSPICIOUS_MOVE = YES;
				CLANG_WARN_UNGUARDED_AVAILABILITY = YES_AGGRESSIVE;
				CLANG_WARN_UNREACHABLE_CODE = YES;
				CLANG_WARN__DUPLICATE_METHOD_MATCH = YES;
				CODE_SIGN_IDENTITY = "iPhone Developer";
				COPY_PHASE_STRIP = NO;
				DEBUG_INFORMATION_FORMAT = "dwarf-with-dsym";
				ENABLE_NS_ASSERTIONS = NO;
				ENABLE_STRICT_OBJC_MSGSEND = YES;
				GCC_C_LANGUAGE_STANDARD = gnu11;
				GCC_NO_COMMON_BLOCKS = YES;
				GCC_WARN_64_TO_32_BIT_CONVERSION = YES;
				GCC_WARN_ABOUT_RETURN_TYPE = YES_ERROR;
				GCC_WARN_UNDECLARED_SELECTOR = YES;
				GCC_WARN_UNINITIALIZED_AUTOS = YES_AGGRESSIVE;
				GCC_WARN_UNUSED_FUNCTION = YES;
				GCC_WARN_UNUSED_VARIABLE = YES;
				IPHONEOS_DEPLOYMENT_TARGET = 12.2;
				MTL_ENABLE_DEBUG_INFO = NO;
				MTL_FAST_MATH = YES;
				SDKROOT = iphoneos;
				SWIFT_COMPILATION_MODE = wholemodule;
				SWIFT_OPTIMIZATION_LEVEL = "-O";
				VALIDATE_PRODUCT = YES;
			};
			name = Release;
		};
		28CCD82122B004A600D674E6 /* Debug */ = {
			isa = XCBuildConfiguration;
			buildSettings = {
				ASSETCATALOG_COMPILER_APPICON_NAME = AppIcon;
				CLANG_ENABLE_MODULES = YES;
				CODE_SIGN_STYLE = Automatic;
				CURRENT_PROJECT_VERSION = 1;
				DEVELOPMENT_TEAM = 2B622VQJ24;
				ENABLE_BITCODE = NO;
				FRAMEWORK_SEARCH_PATHS = (
					"$(inherited)",
					"$(PROJECT_DIR)",
					"$(PROJECT_DIR)/Spin360Host",
				);
				INFOPLIST_FILE = Spin360Host/Info.plist;
				IPHONEOS_DEPLOYMENT_TARGET = 11.0;
				LD_RUNPATH_SEARCH_PATHS = (
					"$(inherited)",
					"@executable_path/Frameworks",
				);
				LIBRARY_SEARCH_PATHS = (
					"$(inherited)",
					"$(PROJECT_DIR)/mobile-ffmpeg-min-gpl-2.1.1-static-universal/lib",
					"$(PROJECT_DIR)/Spin360Host/mobile-ffmpeg-min-gpl-2.1.1-static-universal/lib",
					"$(PROJECT_DIR)/Spin360Host/FFSpinSDK/mobile-ffmpeg-min-gpl-2.1.1-static-universal/lib",
				);
				MARKETING_VERSION = 1.0.7;
				PRODUCT_BUNDLE_IDENTIFIER = com.flickfusion.Spin360Host;
				PRODUCT_NAME = "$(TARGET_NAME)";
				SWIFT_OBJC_BRIDGING_HEADER = "Spin360Host/Spin360Host-Bridging-Header.h";
				SWIFT_OPTIMIZATION_LEVEL = "-Onone";
				SWIFT_VERSION = 5.0;
				TARGETED_DEVICE_FAMILY = "1,2";
				VALID_ARCHS = "arm64 arm64e armv7 armv7s";
			};
			name = Debug;
		};
		28CCD82222B004A600D674E6 /* Release */ = {
			isa = XCBuildConfiguration;
			buildSettings = {
				ASSETCATALOG_COMPILER_APPICON_NAME = AppIcon;
				CLANG_ENABLE_MODULES = YES;
				CODE_SIGN_STYLE = Automatic;
				CURRENT_PROJECT_VERSION = 1;
				DEVELOPMENT_TEAM = 2B622VQJ24;
				ENABLE_BITCODE = NO;
				FRAMEWORK_SEARCH_PATHS = (
					"$(inherited)",
					"$(PROJECT_DIR)",
					"$(PROJECT_DIR)/Spin360Host",
				);
				HEADER_SEARCH_PATHS = (
					"$(inherited)",
					"\"${PODS_CONFIGURATION_BUILD_DIR}/MagicalRecord/MagicalRecord.framework/Headers\"",
					"$(PROJECT_DIR)/mobile-ffmpeg-min-gpl-2.1.1-static-universal/include",
				);
				INFOPLIST_FILE = Spin360Host/Info.plist;
				IPHONEOS_DEPLOYMENT_TARGET = 11.0;
				LD_RUNPATH_SEARCH_PATHS = (
					"$(inherited)",
					"@executable_path/Frameworks",
				);
				LIBRARY_SEARCH_PATHS = (
					"$(inherited)",
					"$(PROJECT_DIR)/mobile-ffmpeg-min-gpl-2.1.1-static-universal/lib",
					"$(PROJECT_DIR)/Spin360Host/mobile-ffmpeg-min-gpl-2.1.1-static-universal/lib",
					"$(PROJECT_DIR)/Spin360Host/FFSpinSDK/mobile-ffmpeg-min-gpl-2.1.1-static-universal/lib",
				);
				MARKETING_VERSION = 1.0.7;
				PRODUCT_BUNDLE_IDENTIFIER = com.flickfusion.Spin360Host;
				PRODUCT_NAME = "$(TARGET_NAME)";
				SWIFT_OBJC_BRIDGING_HEADER = "Spin360Host/Spin360Host-Bridging-Header.h";
				SWIFT_VERSION = 5.0;
				TARGETED_DEVICE_FAMILY = "1,2";
				VALID_ARCHS = "arm64 arm64e armv7 armv7s";
			};
			name = Release;
		};
		28CCD82422B004A600D674E6 /* Debug */ = {
			isa = XCBuildConfiguration;
			buildSettings = {
				ALWAYS_EMBED_SWIFT_STANDARD_LIBRARIES = YES;
				BUNDLE_LOADER = "$(TEST_HOST)";
				CODE_SIGN_STYLE = Automatic;
				DEVELOPMENT_TEAM = 2B622VQJ24;
				INFOPLIST_FILE = Spin360HostTests/Info.plist;
				LD_RUNPATH_SEARCH_PATHS = (
					"$(inherited)",
					"@executable_path/Frameworks",
					"@loader_path/Frameworks",
				);
				PRODUCT_BUNDLE_IDENTIFIER = com.concatsys.Spin360HostTests;
				PRODUCT_NAME = "$(TARGET_NAME)";
				SWIFT_VERSION = 5.0;
				TARGETED_DEVICE_FAMILY = "1,2";
				TEST_HOST = "$(BUILT_PRODUCTS_DIR)/Spin360Host.app/Spin360Host";
			};
			name = Debug;
		};
		28CCD82522B004A600D674E6 /* Release */ = {
			isa = XCBuildConfiguration;
			buildSettings = {
				ALWAYS_EMBED_SWIFT_STANDARD_LIBRARIES = YES;
				BUNDLE_LOADER = "$(TEST_HOST)";
				CODE_SIGN_STYLE = Automatic;
				DEVELOPMENT_TEAM = 2B622VQJ24;
				INFOPLIST_FILE = Spin360HostTests/Info.plist;
				LD_RUNPATH_SEARCH_PATHS = (
					"$(inherited)",
					"@executable_path/Frameworks",
					"@loader_path/Frameworks",
				);
				PRODUCT_BUNDLE_IDENTIFIER = com.concatsys.Spin360HostTests;
				PRODUCT_NAME = "$(TARGET_NAME)";
				SWIFT_VERSION = 5.0;
				TARGETED_DEVICE_FAMILY = "1,2";
				TEST_HOST = "$(BUILT_PRODUCTS_DIR)/Spin360Host.app/Spin360Host";
			};
			name = Release;
		};
		28CCD82722B004A600D674E6 /* Debug */ = {
			isa = XCBuildConfiguration;
			buildSettings = {
				ALWAYS_EMBED_SWIFT_STANDARD_LIBRARIES = YES;
				CODE_SIGN_STYLE = Automatic;
				DEVELOPMENT_TEAM = 2B622VQJ24;
				INFOPLIST_FILE = Spin360HostUITests/Info.plist;
				LD_RUNPATH_SEARCH_PATHS = (
					"$(inherited)",
					"@executable_path/Frameworks",
					"@loader_path/Frameworks",
				);
				PRODUCT_BUNDLE_IDENTIFIER = com.concatsys.Spin360HostUITests;
				PRODUCT_NAME = "$(TARGET_NAME)";
				SWIFT_VERSION = 5.0;
				TARGETED_DEVICE_FAMILY = "1,2";
				TEST_TARGET_NAME = Spin360Host;
			};
			name = Debug;
		};
		28CCD82822B004A600D674E6 /* Release */ = {
			isa = XCBuildConfiguration;
			buildSettings = {
				ALWAYS_EMBED_SWIFT_STANDARD_LIBRARIES = YES;
				CODE_SIGN_STYLE = Automatic;
				DEVELOPMENT_TEAM = 2B622VQJ24;
				INFOPLIST_FILE = Spin360HostUITests/Info.plist;
				LD_RUNPATH_SEARCH_PATHS = (
					"$(inherited)",
					"@executable_path/Frameworks",
					"@loader_path/Frameworks",
				);
				PRODUCT_BUNDLE_IDENTIFIER = com.concatsys.Spin360HostUITests;
				PRODUCT_NAME = "$(TARGET_NAME)";
				SWIFT_VERSION = 5.0;
				TARGETED_DEVICE_FAMILY = "1,2";
				TEST_TARGET_NAME = Spin360Host;
			};
			name = Release;
		};
/* End XCBuildConfiguration section */

/* Begin XCConfigurationList section */
		28CCD7F322B004A500D674E6 /* Build configuration list for PBXProject "Spin360Host" */ = {
			isa = XCConfigurationList;
			buildConfigurations = (
				28CCD81E22B004A600D674E6 /* Debug */,
				28CCD81F22B004A600D674E6 /* Release */,
			);
			defaultConfigurationIsVisible = 0;
			defaultConfigurationName = Release;
		};
		28CCD82022B004A600D674E6 /* Build configuration list for PBXNativeTarget "Spin360Host" */ = {
			isa = XCConfigurationList;
			buildConfigurations = (
				28CCD82122B004A600D674E6 /* Debug */,
				28CCD82222B004A600D674E6 /* Release */,
			);
			defaultConfigurationIsVisible = 0;
			defaultConfigurationName = Release;
		};
		28CCD82322B004A600D674E6 /* Build configuration list for PBXNativeTarget "Spin360HostTests" */ = {
			isa = XCConfigurationList;
			buildConfigurations = (
				28CCD82422B004A600D674E6 /* Debug */,
				28CCD82522B004A600D674E6 /* Release */,
			);
			defaultConfigurationIsVisible = 0;
			defaultConfigurationName = Release;
		};
		28CCD82622B004A600D674E6 /* Build configuration list for PBXNativeTarget "Spin360HostUITests" */ = {
			isa = XCConfigurationList;
			buildConfigurations = (
				28CCD82722B004A600D674E6 /* Debug */,
				28CCD82822B004A600D674E6 /* Release */,
			);
			defaultConfigurationIsVisible = 0;
			defaultConfigurationName = Release;
		};
/* End XCConfigurationList section */

/* Begin XCVersionGroup section */
		28294D67247D3F9B00E9531B /* FFHostAppDB.xcdatamodeld */ = {
			isa = XCVersionGroup;
			children = (
				28294D68247D3F9B00E9531B /* FFHostAppDB.xcdatamodel */,
			);
			currentVersion = 28294D68247D3F9B00E9531B /* FFHostAppDB.xcdatamodel */;
			path = FFHostAppDB.xcdatamodeld;
			sourceTree = "<group>";
			versionGroupType = wrapper.xcdatamodel;
		};
/* End XCVersionGroup section */
	};
	rootObject = 28CCD7F022B004A500D674E6 /* Project object */;
}
